{
  "name": "grupo-de-elementos-para-documentos-de-hipertexto",
  "version": "2026.02.05.1",
  "lockfileVersion": 3,
  "requires": true,
  "packages": {
    "": {
      "name": "grupo-de-elementos-para-documentos-de-hipertexto",
      "version": "2026.02.05.1",
      "devDependencies": {
        "eslint-autocontenido": "github:lovedder1995/eslint-autocontenido#2026.02.03.5",
        "eslint-js-autocontenido": "github:lovedder1995/eslint-js-autocontenido#2026.02.03.2",
        "globals": "^17.3.0",
        "stylistic-eslint-plugin-autocontenido": "github:lovedder1995/stylistic-eslint-plugin-autocontenido#2026.02.04.2"
      }
    },
    "node_modules/eslint-autocontenido": {
      "version": "9.39.2",
      "resolved": "git+ssh://git@github.com/lovedder1995/eslint-autocontenido.git#b67c6782d6cd3ebf98714c9f02640173ea66e11f",
      "dev": true,
      "bin": {
        "eslint-autocontenido": "dist/bin/eslint-autocontenido.js"
      },
      "peerDependencies": {
        "jiti": "*"
      },
      "peerDependenciesMeta": {
        "jiti": {
          "optional": true
        }
      }
    },
    "node_modules/eslint-js-autocontenido": {
      "version": "1.0.0",
      "resolved": "git+ssh://git@github.com/lovedder1995/eslint-js-autocontenido.git#32692c9bc32666ead8d11b882ddd622b47469b8d",
      "dev": true,
      "license": "ISC"
    },
    "node_modules/globals": {
      "version": "17.3.0",
      "resolved": "https://registry.npmjs.org/globals/-/globals-17.3.0.tgz",
      "integrity": "sha512-yMqGUQVVCkD4tqjOJf3TnrvaaHDMYp4VlUSObbkIiuCPe/ofdMBFIAcBbCSRFWOnos6qRiTVStDwqPLUclaxIw==",
      "dev": true,
      "license": "MIT",
      "engines": {
        "node": ">=18"
      },
      "funding": {
        "url": "https://github.com/sponsors/sindresorhus"
      }
    },
    "node_modules/stylistic-eslint-plugin-autocontenido": {
      "version": "1.0.0",
      "resolved": "git+ssh://git@github.com/lovedder1995/stylistic-eslint-plugin-autocontenido.git#8c254348433b5bdf6ed96af1ad9e020499330f05",
      "dev": true,
      "license": "ISC"
    }
  }
}
